<Solution>
  <Folder Name="/Solution Items/">
    <File Path="Directory.Build.props" />
    <File Path="LICENSE" />
    <File Path="README.md" />
  </Folder>
  <Project Path="HelixForge/HelixForge.csproj" />
  <Project Path="HelixForge.Simulation/HelixForge.Simulation.csproj" />
  <Project Path="HelixForge.Telemetry/HelixForge.Telemetry.csproj" />
  <Project Path="HelixForge.Hardware/HelixForge.Hardware.csproj" />
  <Project Path="HelixForge.Tests/HelixForge.Tests.csproj" />
  <Project Path="HelixForge.Benchmark/HelixForge.Benchmark.csproj" />
  <Project Path="HelixForge.Console/HelixForge.Console.csproj" />
</Solution>
